
Microsoft Visual Studio Solution File, Format Version 12.00
# Visual Studio Version 17
VisualStudioVersion = 17.2.32630.192
MinimumVisualStudioVersion = 10.0.40219.1
Project("{9A19103F-16F7-4668-BE54-9A1E7A4F7556}") = "R5T.T0171.Construction", "R5T.T0171.Construction\R5T.T0171.Construction.csproj", "{2D405639-7E33-4D2C-AAC8-17FE89E68856}"
EndProject
Project("{9A19103F-16F7-4668-BE54-9A1E7A4F7556}") = "R5T.T0171", "R5T.T0171\R5T.T0171.csproj", "{FAD43AA8-8B7B-4FA5-A670-D4CC58D857BA}"
EndProject
Project("{2150E333-8FDC-42A3-9474-1A3956D46DE8}") = "_Dependencies", "_Dependencies", "{E7BB5E53-74FA-46D5-AAA5-0202BC7C2D6A}"
EndProject
Project("{9A19103F-16F7-4668-BE54-9A1E7A4F7556}") = "R5T.T0143", "..\..\R5T.T0143\source\R5T.T0143\R5T.T0143.csproj", "{A2B5EB88-F2BE-45B1-B107-13771F63FBE4}"
EndProject
Project("{9A19103F-16F7-4668-BE54-9A1E7A4F7556}") = "R5T.T0150", "..\..\R5T.T0150\source\R5T.T0150\R5T.T0150.csproj", "{A56FE6F5-24FE-45AE-B0BA-1464DF6DE546}"
EndProject
Project("{9A19103F-16F7-4668-BE54-9A1E7A4F7556}") = "R5T.T0151", "..\..\R5T.T0151\source\R5T.T0151\R5T.T0151.csproj", "{3A970505-4127-45DE-8CC5-599AD436CBC0}"
EndProject
Project("{9A19103F-16F7-4668-BE54-9A1E7A4F7556}") = "R5T.T0132", "..\..\R5T.T0132\source\R5T.T0132\R5T.T0132.csproj", "{C142F3DC-78C9-48E7-8719-DFA3D8479D1C}"
EndProject
Global
	GlobalSection(NestedProjects) = preSolution
		{A2B5EB88-F2BE-45B1-B107-13771F63FBE4} = {E7BB5E53-74FA-46D5-AAA5-0202BC7C2D6A}
		{A56FE6F5-24FE-45AE-B0BA-1464DF6DE546} = {E7BB5E53-74FA-46D5-AAA5-0202BC7C2D6A}
		{3A970505-4127-45DE-8CC5-599AD436CBC0} = {E7BB5E53-74FA-46D5-AAA5-0202BC7C2D6A}
		{C142F3DC-78C9-48E7-8719-DFA3D8479D1C} = {E7BB5E53-74FA-46D5-AAA5-0202BC7C2D6A}
	EndGlobalSection
	GlobalSection(SolutionConfigurationPlatforms) = preSolution
		Debug|Any CPU = Debug|Any CPU
		Release|Any CPU = Release|Any CPU
	EndGlobalSection
	GlobalSection(ProjectConfigurationPlatforms) = postSolution
		{2D405639-7E33-4D2C-AAC8-17FE89E68856}.Debug|Any CPU.ActiveCfg = Debug|Any CPU
		{2D405639-7E33-4D2C-AAC8-17FE89E68856}.Debug|Any CPU.Build.0 = Debug|Any CPU
		{2D405639-7E33-4D2C-AAC8-17FE89E68856}.Release|Any CPU.ActiveCfg = Release|Any CPU
		{2D405639-7E33-4D2C-AAC8-17FE89E68856}.Release|Any CPU.Build.0 = Release|Any CPU
		{FAD43AA8-8B7B-4FA5-A670-D4CC58D857BA}.Debug|Any CPU.ActiveCfg = Debug|Any CPU
		{FAD43AA8-8B7B-4FA5-A670-D4CC58D857BA}.Debug|Any CPU.Build.0 = Debug|Any CPU
		{FAD43AA8-8B7B-4FA5-A670-D4CC58D857BA}.Release|Any CPU.ActiveCfg = Release|Any CPU
		{FAD43AA8-8B7B-4FA5-A670-D4CC58D857BA}.Release|Any CPU.Build.0 = Release|Any CPU
		{A2B5EB88-F2BE-45B1-B107-13771F63FBE4}.Debug|Any CPU.ActiveCfg = Debug|Any CPU
		{A2B5EB88-F2BE-45B1-B107-13771F63FBE4}.Debug|Any CPU.Build.0 = Debug|Any CPU
		{A2B5EB88-F2BE-45B1-B107-13771F63FBE4}.Release|Any CPU.ActiveCfg = Release|Any CPU
		{A2B5EB88-F2BE-45B1-B107-13771F63FBE4}.Release|Any CPU.Build.0 = Release|Any CPU
		{A56FE6F5-24FE-45AE-B0BA-1464DF6DE546}.Debug|Any CPU.ActiveCfg = Debug|Any CPU
		{A56FE6F5-24FE-45AE-B0BA-1464DF6DE546}.Debug|Any CPU.Build.0 = Debug|Any CPU
		{A56FE6F5-24FE-45AE-B0BA-1464DF6DE546}.Release|Any CPU.ActiveCfg = Release|Any CPU
		{A56FE6F5-24FE-45AE-B0BA-1464DF6DE546}.Release|Any CPU.Build.0 = Release|Any CPU
		{3A970505-4127-45DE-8CC5-599AD436CBC0}.Debug|Any CPU.ActiveCfg = Debug|Any CPU
		{3A970505-4127-45DE-8CC5-599AD436CBC0}.Debug|Any CPU.Build.0 = Debug|Any CPU
		{3A970505-4127-45DE-8CC5-599AD436CBC0}.Release|Any CPU.ActiveCfg = Release|Any CPU
		{3A970505-4127-45DE-8CC5-599AD436CBC0}.Release|Any CPU.Build.0 = Release|Any CPU
		{C142F3DC-78C9-48E7-8719-DFA3D8479D1C}.Debug|Any CPU.ActiveCfg = Debug|Any CPU
		{C142F3DC-78C9-48E7-8719-DFA3D8479D1C}.Debug|Any CPU.Build.0 = Debug|Any CPU
		{C142F3DC-78C9-48E7-8719-DFA3D8479D1C}.Release|Any CPU.ActiveCfg = Release|Any CPU
		{C142F3DC-78C9-48E7-8719-DFA3D8479D1C}.Release|Any CPU.Build.0 = Release|Any CPU
	EndGlobalSection
	GlobalSection(SolutionProperties) = preSolution
		HideSolutionNode = FALSE
	EndGlobalSection
	GlobalSection(ExtensibilityGlobals) = postSolution
		SolutionGuid = {6EE22167-9D8F-466D-9FDF-11467667582C}
	EndGlobalSection
EndGlobal
